// !$*UTF8*$!
{
	archiveVersion = 1;
	classes = {
	};
	objectVersion = 46;
	objects = {
/* Begin PBXBuildFile section */
		00FD6F7AC191459499723E5A /* MessageUI.framework in Frameworks */ = {isa = PBXBuildFile; fileRef = 2C0F27E1DD414AD0BBE68890 /* MessageUI.framework */; };
		01C7C1ED812C4E6CB3AC47BA /* libz.tbd in Frameworks */ = {isa = PBXBuildFile; fileRef = 07826E6DBE2945A8AD4BCDBB /* libz.tbd */; };
		0207DA581B56EA530066E2B4 /* Images.xcassets in Resources */ = {isa = PBXBuildFile; fileRef = 0207DA571B56EA530066E2B4 /* Images.xcassets */; };
		06A2F4F5004D46C694F4F52D /* CDVWKWebViewEngine.m in Sources */ = {isa = PBXBuildFile; fileRef = F0BB77C79FC6446FBCDC5679 /* CDVWKWebViewEngine.m */; };
		1811D7D0753C477FB230F7C9 /* CoreBluetooth.framework in Frameworks */ = {isa = PBXBuildFile; fileRef = 4448AAA93A3B4552961852C0 /* CoreBluetooth.framework */; };
		1922E25C638F4276BEB461BF /* CDVSound.m in Sources */ = {isa = PBXBuildFile; fileRef = EAAEA6650F714B31A124986F /* CDVSound.m */; };
		1BAA31AD2D0143A18725920E /* CDVInAppBrowser.m in Sources */ = {isa = PBXBuildFile; fileRef = 1745CFEE9C6A4E539D7E3719 /* CDVInAppBrowser.m */; };
		1D3623260D0F684500981E51 /* AppDelegate.m in Sources */ = {isa = PBXBuildFile; fileRef = 1D3623250D0F684500981E51 /* AppDelegate.m */; };
		1D60589B0D05DD56006BFB54 /* main.m in Sources */ = {isa = PBXBuildFile; fileRef = 29B97316FDCFA39411CA2CEA /* main.m */; };
		301BF552109A68D80062928A /* libCordova.a in Frameworks */ = {isa = PBXBuildFile; fileRef = 301BF535109A57CC0062928A /* libCordova.a */; };
		302D95F114D2391D003F00A1 /* MainViewController.m in Sources */ = {isa = PBXBuildFile; fileRef = 302D95EF14D2391D003F00A1 /* MainViewController.m */; };
		302D95F214D2391D003F00A1 /* MainViewController.xib in Resources */ = {isa = PBXBuildFile; fileRef = 302D95F014D2391D003F00A1 /* MainViewController.xib */; };
		344D8F6D38344085ABF6FD3D /* AdSupport.framework in Frameworks */ = {isa = PBXBuildFile; fileRef = E52485A6E64443DCB7E56844 /* AdSupport.framework */; };
		3706E122145044ABBA668FA0 /* CDVFile.m in Sources */ = {isa = PBXBuildFile; fileRef = 64146714D9A44CA88A8B4BCF /* CDVFile.m */; };
		37C405D59EE047A2BC725901 /* CDVAdMobPlugin.m in Sources */ = {isa = PBXBuildFile; fileRef = C6ACF248FE754F378BC85808 /* CDVAdMobPlugin.m */; };
		3D45ED722CB54A48B1E4D895 /* CoreVideo.framework in Frameworks */ = {isa = PBXBuildFile; fileRef = C7D64C1613BA4B9681DCF4DB /* CoreVideo.framework */; };
		3E305A09681E4F09A476D696 /* GoogleMobileAds.framework in Frameworks */ = {isa = PBXBuildFile; fileRef = C78696548EFB4D18BD30EF35 /* GoogleMobileAds.framework */; };
		416381CC995A4FEC8410EBD9 /* AVFoundation.framework in Frameworks */ = {isa = PBXBuildFile; fileRef = EA236FB90BF84E3894E5F682 /* AVFoundation.framework */; };
		4B5AF7625F0D4E71BDB5E438 /* CDVAssetLibraryFilesystem.m in Sources */ = {isa = PBXBuildFile; fileRef = 386EB68E33BB4816835A9AB2 /* CDVAssetLibraryFilesystem.m */; };
		4C5A9BCE9E24463AA5BA0D8B /* UIKit.framework in Frameworks */ = {isa = PBXBuildFile; fileRef = E287C0B5C4034FA09DA3FD63 /* UIKit.framework */; };
		5B761B7DD72C4E238156CA85 /* SystemConfiguration.framework in Frameworks */ = {isa = PBXBuildFile; fileRef = 64793DF3F0BB4F67BAA371B0 /* SystemConfiguration.framework */; };
		629137A252EA4DD6A7B5E6F1 /* CDVDevice.m in Sources */ = {isa = PBXBuildFile; fileRef = 0B1EA121B6C1463D91F355DB /* CDVDevice.m */; };
		6A77AC52010E4A46802B75A8 /* GLKit.framework in Frameworks */ = {isa = PBXBuildFile; fileRef = 92314A667E6147289191CAA5 /* GLKit.framework */; };
		6AFF5BF91D6E424B00AB3073 /* CDVLaunchScreen.storyboard in Resources */ = {isa = PBXBuildFile; fileRef = 6AFF5BF81D6E424B00AB3073 /* CDVLaunchScreen.storyboard */; };
		6B05FDFCB2B0408E9E1C1734 /* CDVStatusBar.m in Sources */ = {isa = PBXBuildFile; fileRef = 8C8FA6A0C38F45A698754701 /* CDVStatusBar.m */; };
		6B7AB57F88824D59B04F8F65 /* MediaPlayer.framework in Frameworks */ = {isa = PBXBuildFile; fileRef = DD89914F309448F1A70C1E87 /* MediaPlayer.framework */; };
		6C7DE228022842B69E7B059D /* CDVSplashScreen.m in Sources */ = {isa = PBXBuildFile; fileRef = A48237EDE2EC488C9AFEE4D1 /* CDVSplashScreen.m */; };
		72EB0C2E098247A2A0BF6F16 /* AdMobMediation.m in Sources */ = {isa = PBXBuildFile; fileRef = E3699D655BDB4C4D9E73485C /* AdMobMediation.m */; };
		8BB32480DD7447C396DAABB5 /* CDVConnection.m in Sources */ = {isa = PBXBuildFile; fileRef = 1961B111149142B1B5FC2FC2 /* CDVConnection.m */; };
		9130FB233D5D45B39B619EA2 /* CDVReachability.m in Sources */ = {isa = PBXBuildFile; fileRef = 4F14B5F13B074FAA9AF2F783 /* CDVReachability.m */; };
		957B94C9017A47CE9DDE30EA /* CDVLocalFilesystem.m in Sources */ = {isa = PBXBuildFile; fileRef = 9371F4706A3C475CA9EDFEBB /* CDVLocalFilesystem.m */; };
		98CC4DD92E8842E5A01578B3 /* CDVNotification.m in Sources */ = {isa = PBXBuildFile; fileRef = 432B6090FAF94437BCD16E41 /* CDVNotification.m */; };
		A6834DC401C9424A88EBC12B /* CDVWKProcessPoolFactory.m in Sources */ = {isa = PBXBuildFile; fileRef = 9A6B2799CB904CBB8A7ED828 /* CDVWKProcessPoolFactory.m */; };
		A87370227E9D4B94BAF92876 /* CoreLocation.framework in Frameworks */ = {isa = PBXBuildFile; fileRef = 6BAAC8DD900F4BCDBAABBA87 /* CoreLocation.framework */; };
		A91D32A54B604A15919D8CE5 /* FirebaseAnalyticsPlugin.m in Sources */ = {isa = PBXBuildFile; fileRef = E9587B61130C44C0B0BFF214 /* FirebaseAnalyticsPlugin.m */; };
		AAE6553885A84EDE9CA1180A /* libCordovaGenericAd.a in Frameworks */ = {isa = PBXBuildFile; fileRef = 1BB3AAFB30174F669BD71E28 /* libCordovaGenericAd.a */; };
		B1976FF8679B4699A372C082 /* AudioToolbox.framework in Frameworks */ = {isa = PBXBuildFile; fileRef = F05DEDBE3348499093C11300 /* AudioToolbox.framework */; };
		B1ABA2B9B16442E29FF966CB /* CDVCompass.m in Sources */ = {isa = PBXBuildFile; fileRef = 6062A17B3E60482FB99AC5FF /* CDVCompass.m */; };
		C3F8DCF8493B4FFAA4CFD58D /* CDVWKWebViewUIDelegate.m in Sources */ = {isa = PBXBuildFile; fileRef = F1EF1FF29E6A4037BA43EE9D /* CDVWKWebViewUIDelegate.m */; };
		C82D2D4F79AE4792ACF4B787 /* EventKit.framework in Frameworks */ = {isa = PBXBuildFile; fileRef = D64253E988E0411DAC17E501 /* EventKit.framework */; };
		D0A766EBE8014EBE9A490346 /* CDVViewController+SplashScreen.m in Sources */ = {isa = PBXBuildFile; fileRef = 4A2A0559D52E4E318510403D /* CDVViewController+SplashScreen.m */; };
		D10F581956B54BD983401808 /* WebKit.framework in Frameworks */ = {isa = PBXBuildFile; fileRef = 13C37AAFCEF04FB7BE68593A /* WebKit.framework */; settings = {ATTRIBUTES = (Weak, ); }; };
		D285620484404D9F9E27AC9B /* CDVNotification.bundle in Resources */ = {isa = PBXBuildFile; fileRef = EB07CA8DDE534FA0BB4C41BB /* CDVNotification.bundle */; };
		D35032ED653F4A1AB0A141B2 /* EventKitUI.framework in Frameworks */ = {isa = PBXBuildFile; fileRef = 4F390502F6B14521A6B7CA32 /* EventKitUI.framework */; };
		EB783DEC444C42E3B8AFEC3F /* SafariServices.framework in Frameworks */ = {isa = PBXBuildFile; fileRef = 341AEF14DFB542A6B9E44CCF /* SafariServices.framework */; };
		EDDA0AC46A1D4F24966648D1 /* CoreTelephony.framework in Frameworks */ = {isa = PBXBuildFile; fileRef = 1755D7416447458B96764572 /* CoreTelephony.framework */; };
		F18FDDAEB6304029AD484C85 /* Foundation.framework in Frameworks */ = {isa = PBXBuildFile; fileRef = 0BCC5FCAC2034894935F8E4E /* Foundation.framework */; };
		F191414004184D9DABCB9CBF /* CoreMedia.framework in Frameworks */ = {isa = PBXBuildFile; fileRef = 7D7F96C74487471BAE57E409 /* CoreMedia.framework */; };
		F21B40BD0E0E49E3B2D4BBF2 /* CDVFileTransfer.m in Sources */ = {isa = PBXBuildFile; fileRef = 33CFD7819A3746599537C03E /* CDVFileTransfer.m */; };
		F2465649C0A440728DFECDEB /* StoreKit.framework in Frameworks */ = {isa = PBXBuildFile; fileRef = 5167271A55CB4E9FA1C1731D /* StoreKit.framework */; };
		F7BF5BDE72CF4639B4018307 /* CoreMotion.framework in Frameworks */ = {isa = PBXBuildFile; fileRef = D7C01B30E0D242639809617A /* CoreMotion.framework */; };
		FDEEF88177384318B77C9BCB /* OpenGLES.framework in Frameworks */ = {isa = PBXBuildFile; fileRef = 3455A9F7A9BE4BE793728F39 /* OpenGLES.framework */; };
		FF6CFD50459B4D7D92FB0A7F /* CDVPluginExt.m in Sources */ = {isa = PBXBuildFile; fileRef = C2FC3DAE75A94D66B25AB66F /* CDVPluginExt.m */; };
		DB5F3621B2444A4ABBC6C824 /* AppVersion.m in Sources */ = {isa = PBXBuildFile; fileRef = AC949814065B4D57B749BAB5 /* AppVersion.m */; };
		4A4D471BE7EB4B4E92EF861C /* NSString+SSURLEncoding.m in Sources */ = {isa = PBXBuildFile; fileRef = 873D6497348D41ABABFBBED4 /* NSString+SSURLEncoding.m */; };
		3644FDC1A7484A389F5FA7EE /* SocialSharing.m in Sources */ = {isa = PBXBuildFile; fileRef = E45BAB44A7A64425B11E9AE1 /* SocialSharing.m */; };
		C9141CFED7A44FBC89733ED5 /* Social.framework in Frameworks */ = {isa = PBXBuildFile; fileRef = 39B7405063934C67B86AAC06 /* Social.framework */; settings = {ATTRIBUTES = (Weak, ); }; };
		01A40BAC58D64BBE9FADFE52 /* NativeSettings.m in Sources */ = {isa = PBXBuildFile; fileRef = 1C318FBE0A424BEE90E5A8B9 /* NativeSettings.m */; };
		9AE70256D6ED4D6FB96ED1B8 /* RMStore.m in Sources */ = {isa = PBXBuildFile; fileRef = EEF6E0D71B374FDA95541668 /* RMStore.m */; };
		A88891F052F84A11862CAEAF /* PaymentsPlugin.m in Sources */ = {isa = PBXBuildFile; fileRef = D64892D0AF2E4573A1EB8AA5 /* PaymentsPlugin.m */; };
		2B430032AD9043AF87C09211 /* GoogleService-Info.plist in Resources */ = {isa = PBXBuildFile; fileRef = E5A9B859EFCD46FFAB8BCDA6 /* GoogleService-Info.plist */; };
/* End PBXBuildFile section */

/* Begin PBXContainerItemProxy section */
		301BF534109A57CC0062928A /* PBXContainerItemProxy */ = {
			isa = PBXContainerItemProxy;
			containerPortal = 301BF52D109A57CC0062928A /* CordovaLib/CordovaLib.xcodeproj */;
			proxyType = 2;
			remoteGlobalIDString = D2AAC07E0554694100DB518D;
			remoteInfo = CordovaLib;
		};
		301BF550109A68C00062928A /* PBXContainerItemProxy */ = {
			isa = PBXContainerItemProxy;
			containerPortal = 301BF52D109A57CC0062928A /* CordovaLib/CordovaLib.xcodeproj */;
			proxyType = 1;
			remoteGlobalIDString = D2AAC07D0554694100DB518D;
			remoteInfo = CordovaLib;
		};
		3DA549E51FBA8EDE003A9741 /* PBXContainerItemProxy */ = {
			isa = PBXContainerItemProxy;
			containerPortal = 301BF52D109A57CC0062928A /* CordovaLib/CordovaLib.xcodeproj */;
			proxyType = 2;
			remoteGlobalIDString = C0C01EB21E3911D50056E6CB;
			remoteInfo = Cordova;
		};
/* End PBXContainerItemProxy section */

/* Begin PBXFileReference section */
		0207DA571B56EA530066E2B4 /* Images.xcassets */ = {isa = PBXFileReference; lastKnownFileType = folder.assetcatalog; name = Images.xcassets; path = "Big Shaq/Images.xcassets"; sourceTree = SOURCE_ROOT; };
		02CD9A818D184F1E9C0EF370 /* CDVViewController+SplashScreen.h */ = {isa = PBXFileReference; explicitFileType = undefined; fileEncoding = 4; includeInIndex = 0; lastKnownFileType = sourcecode.c.h; name = "CDVViewController+SplashScreen.h"; path = "cordova-plugin-splashscreen/CDVViewController+SplashScreen.h"; sourceTree = "<group>"; };
		07826E6DBE2945A8AD4BCDBB /* libz.tbd */ = {isa = PBXFileReference; explicitFileType = undefined; fileEncoding = 9; includeInIndex = 0; lastKnownFileType = "sourcecode.text-based-dylib-definition"; name = libz.tbd; path = usr/lib/libz.tbd; sourceTree = SDKROOT; };
		078E93EBC14D4DD2A9B61077 /* CDVPluginExt.h */ = {isa = PBXFileReference; explicitFileType = undefined; fileEncoding = 4; includeInIndex = 0; lastKnownFileType = sourcecode.c.h; name = CDVPluginExt.h; path = "cordova-plugin-extension/CDVPluginExt.h"; sourceTree = "<group>"; };
		0B1EA121B6C1463D91F355DB /* CDVDevice.m */ = {isa = PBXFileReference; explicitFileType = undefined; fileEncoding = 4; includeInIndex = 0; lastKnownFileType = sourcecode.c.objc; name = CDVDevice.m; path = "cordova-plugin-device/CDVDevice.m"; sourceTree = "<group>"; };
		0BCC5FCAC2034894935F8E4E /* Foundation.framework */ = {isa = PBXFileReference; explicitFileType = undefined; fileEncoding = 9; includeInIndex = 0; lastKnownFileType = wrapper.framework; name = Foundation.framework; path = System/Library/Frameworks/Foundation.framework; sourceTree = SDKROOT; };
		0F3BB42F022342FD810AF5D6 /* CDVNotification.h */ = {isa = PBXFileReference; explicitFileType = undefined; fileEncoding = 4; includeInIndex = 0; lastKnownFileType = sourcecode.c.h; name = CDVNotification.h; path = "cordova-plugin-dialogs/CDVNotification.h"; sourceTree = "<group>"; };
		0F4B98F768B147D9AAE476B5 /* CDVFileTransfer.h */ = {isa = PBXFileReference; explicitFileType = undefined; fileEncoding = 4; includeInIndex = 0; lastKnownFileType = sourcecode.c.h; name = CDVFileTransfer.h; path = "cordova-plugin-file-transfer/CDVFileTransfer.h"; sourceTree = "<group>"; };
		13C37AAFCEF04FB7BE68593A /* WebKit.framework */ = {isa = PBXFileReference; explicitFileType = undefined; fileEncoding = 9; includeInIndex = 0; lastKnownFileType = wrapper.framework; name = WebKit.framework; path = System/Library/Frameworks/WebKit.framework; sourceTree = SDKROOT; };
		146B10DBC5044D649C1DFC6B /* CDVAssetLibraryFilesystem.h */ = {isa = PBXFileReference; explicitFileType = undefined; fileEncoding = 4; includeInIndex = 0; lastKnownFileType = sourcecode.c.h; name = CDVAssetLibraryFilesystem.h; path = "cordova-plugin-file/CDVAssetLibraryFilesystem.h"; sourceTree = "<group>"; };
		1745CFEE9C6A4E539D7E3719 /* CDVInAppBrowser.m */ = {isa = PBXFileReference; explicitFileType = undefined; fileEncoding = 4; includeInIndex = 0; lastKnownFileType = sourcecode.c.objc; name = CDVInAppBrowser.m; path = "cordova-plugin-inappbrowser/CDVInAppBrowser.m"; sourceTree = "<group>"; };
		1755D7416447458B96764572 /* CoreTelephony.framework */ = {isa = PBXFileReference; explicitFileType = undefined; fileEncoding = 9; includeInIndex = 0; lastKnownFileType = wrapper.framework; name = CoreTelephony.framework; path = System/Library/Frameworks/CoreTelephony.framework; sourceTree = SDKROOT; };
		1961B111149142B1B5FC2FC2 /* CDVConnection.m */ = {isa = PBXFileReference; explicitFileType = undefined; fileEncoding = 4; includeInIndex = 0; lastKnownFileType = sourcecode.c.objc; name = CDVConnection.m; path = "cordova-plugin-network-information/CDVConnection.m"; sourceTree = "<group>"; };
		1BB3AAFB30174F669BD71E28 /* libCordovaGenericAd.a */ = {isa = PBXFileReference; explicitFileType = undefined; fileEncoding = 9; includeInIndex = 0; lastKnownFileType = archive.ar; name = libCordovaGenericAd.a; path = "Big Shaq/Plugins/cordova-plugin-extension/libCordovaGenericAd.a"; sourceTree = "<group>"; };
		1D3623240D0F684500981E51 /* AppDelegate.h */ = {isa = PBXFileReference; fileEncoding = 4; lastKnownFileType = sourcecode.c.h; path = AppDelegate.h; sourceTree = "<group>"; };
		1D3623250D0F684500981E51 /* AppDelegate.m */ = {isa = PBXFileReference; fileEncoding = 4; lastKnownFileType = sourcecode.c.objc; path = AppDelegate.m; sourceTree = "<group>"; };
		1D6058910D05DD3D006BFB54 /* Big Shaq.app */ = {isa = PBXFileReference; explicitFileType = wrapper.application; includeInIndex = 0; path = "Big Shaq.app"; sourceTree = BUILT_PRODUCTS_DIR; };
		28E97D956E4845729CB3875B /* CDVInAppBrowser.h */ = {isa = PBXFileReference; explicitFileType = undefined; fileEncoding = 4; includeInIndex = 0; lastKnownFileType = sourcecode.c.h; name = CDVInAppBrowser.h; path = "cordova-plugin-inappbrowser/CDVInAppBrowser.h"; sourceTree = "<group>"; };
		29B97316FDCFA39411CA2CEA /* main.m */ = {isa = PBXFileReference; fileEncoding = 4; lastKnownFileType = sourcecode.c.objc; path = main.m; sourceTree = "<group>"; };
		2C0F27E1DD414AD0BBE68890 /* MessageUI.framework */ = {isa = PBXFileReference; explicitFileType = undefined; fileEncoding = 9; includeInIndex = 0; lastKnownFileType = wrapper.framework; name = MessageUI.framework; path = System/Library/Frameworks/MessageUI.framework; sourceTree = SDKROOT; };
		301BF52D109A57CC0062928A /* CordovaLib/CordovaLib.xcodeproj */ = {isa = PBXFileReference; lastKnownFileType = "wrapper.pb-project"; path = CordovaLib/CordovaLib.xcodeproj; sourceTree = "<group>"; };
		301BF56E109A69640062928A /* www */ = {isa = PBXFileReference; lastKnownFileType = folder; path = www; sourceTree = SOURCE_ROOT; };
		302D95EE14D2391D003F00A1 /* MainViewController.h */ = {isa = PBXFileReference; fileEncoding = 4; lastKnownFileType = sourcecode.c.h; path = MainViewController.h; sourceTree = "<group>"; };
		302D95EF14D2391D003F00A1 /* MainViewController.m */ = {isa = PBXFileReference; fileEncoding = 4; lastKnownFileType = sourcecode.c.objc; path = MainViewController.m; sourceTree = "<group>"; };
		302D95F014D2391D003F00A1 /* MainViewController.xib */ = {isa = PBXFileReference; fileEncoding = 4; lastKnownFileType = file.xib; path = MainViewController.xib; sourceTree = "<group>"; };
		3047A50F1AB8059700498E2A /* build-debug.xcconfig */ = {isa = PBXFileReference; fileEncoding = 4; lastKnownFileType = text.xcconfig; name = "build-debug.xcconfig"; path = "cordova/build-debug.xcconfig"; sourceTree = SOURCE_ROOT; };
		3047A5101AB8059700498E2A /* build-release.xcconfig */ = {isa = PBXFileReference; fileEncoding = 4; lastKnownFileType = text.xcconfig; name = "build-release.xcconfig"; path = "cordova/build-release.xcconfig"; sourceTree = SOURCE_ROOT; };
		3047A5111AB8059700498E2A /* build.xcconfig */ = {isa = PBXFileReference; fileEncoding = 4; lastKnownFileType = text.xcconfig; name = build.xcconfig; path = cordova/build.xcconfig; sourceTree = SOURCE_ROOT; };
		32CA4F630368D1EE00C91783 /* Big Shaq-Prefix.pch */ = {isa = PBXFileReference; fileEncoding = 4; lastKnownFileType = sourcecode.c.h; path = "Big Shaq-Prefix.pch"; sourceTree = "<group>"; };
		33CFD7819A3746599537C03E /* CDVFileTransfer.m */ = {isa = PBXFileReference; explicitFileType = undefined; fileEncoding = 4; includeInIndex = 0; lastKnownFileType = sourcecode.c.objc; name = CDVFileTransfer.m; path = "cordova-plugin-file-transfer/CDVFileTransfer.m"; sourceTree = "<group>"; };
		341AEF14DFB542A6B9E44CCF /* SafariServices.framework */ = {isa = PBXFileReference; explicitFileType = undefined; fileEncoding = 9; includeInIndex = 0; lastKnownFileType = wrapper.framework; name = SafariServices.framework; path = System/Library/Frameworks/SafariServices.framework; sourceTree = SDKROOT; };
		3455A9F7A9BE4BE793728F39 /* OpenGLES.framework */ = {isa = PBXFileReference; explicitFileType = undefined; fileEncoding = 9; includeInIndex = 0; lastKnownFileType = wrapper.framework; name = OpenGLES.framework; path = System/Library/Frameworks/OpenGLES.framework; sourceTree = SDKROOT; };
		386EB68E33BB4816835A9AB2 /* CDVAssetLibraryFilesystem.m */ = {isa = PBXFileReference; explicitFileType = undefined; fileEncoding = 4; includeInIndex = 0; lastKnownFileType = sourcecode.c.objc; name = CDVAssetLibraryFilesystem.m; path = "cordova-plugin-file/CDVAssetLibraryFilesystem.m"; sourceTree = "<group>"; };
		432B6090FAF94437BCD16E41 /* CDVNotification.m */ = {isa = PBXFileReference; explicitFileType = undefined; fileEncoding = 4; includeInIndex = 0; lastKnownFileType = sourcecode.c.objc; name = CDVNotification.m; path = "cordova-plugin-dialogs/CDVNotification.m"; sourceTree = "<group>"; };
		4448AAA93A3B4552961852C0 /* CoreBluetooth.framework */ = {isa = PBXFileReference; explicitFileType = undefined; fileEncoding = 9; includeInIndex = 0; lastKnownFileType = wrapper.framework; name = CoreBluetooth.framework; path = System/Library/Frameworks/CoreBluetooth.framework; sourceTree = SDKROOT; };
		4A2A0559D52E4E318510403D /* CDVViewController+SplashScreen.m */ = {isa = PBXFileReference; explicitFileType = undefined; fileEncoding = 4; includeInIndex = 0; lastKnownFileType = sourcecode.c.objc; name = "CDVViewController+SplashScreen.m"; path = "cordova-plugin-splashscreen/CDVViewController+SplashScreen.m"; sourceTree = "<group>"; };
		4F14B5F13B074FAA9AF2F783 /* CDVReachability.m */ = {isa = PBXFileReference; explicitFileType = undefined; fileEncoding = 4; includeInIndex = 0; lastKnownFileType = sourcecode.c.objc; name = CDVReachability.m; path = "cordova-plugin-network-information/CDVReachability.m"; sourceTree = "<group>"; };
		4F390502F6B14521A6B7CA32 /* EventKitUI.framework */ = {isa = PBXFileReference; explicitFileType = undefined; fileEncoding = 9; includeInIndex = 0; lastKnownFileType = wrapper.framework; name = EventKitUI.framework; path = System/Library/Frameworks/EventKitUI.framework; sourceTree = SDKROOT; };
		5167271A55CB4E9FA1C1731D /* StoreKit.framework */ = {isa = PBXFileReference; explicitFileType = undefined; fileEncoding = 9; includeInIndex = 0; lastKnownFileType = wrapper.framework; name = StoreKit.framework; path = System/Library/Frameworks/StoreKit.framework; sourceTree = SDKROOT; };
		55B3E404AA27485895E5BFC8 /* CDVSound.h */ = {isa = PBXFileReference; explicitFileType = undefined; fileEncoding = 4; includeInIndex = 0; lastKnownFileType = sourcecode.c.h; name = CDVSound.h; path = "cordova-plugin-media/CDVSound.h"; sourceTree = "<group>"; };
		55C3F1691DAF4573A4BFCEED /* AdMobMediation.h */ = {isa = PBXFileReference; explicitFileType = undefined; fileEncoding = 4; includeInIndex = 0; lastKnownFileType = sourcecode.c.h; name = AdMobMediation.h; path = "cordova-plugin-admobpro/AdMobMediation.h"; sourceTree = "<group>"; };
		6062A17B3E60482FB99AC5FF /* CDVCompass.m */ = {isa = PBXFileReference; explicitFileType = undefined; fileEncoding = 4; includeInIndex = 0; lastKnownFileType = sourcecode.c.objc; name = CDVCompass.m; path = "cordova-plugin-device-orientation/CDVCompass.m"; sourceTree = "<group>"; };
		6271404BDF2B4006A259F462 /* CDVDevice.h */ = {isa = PBXFileReference; explicitFileType = undefined; fileEncoding = 4; includeInIndex = 0; lastKnownFileType = sourcecode.c.h; name = CDVDevice.h; path = "cordova-plugin-device/CDVDevice.h"; sourceTree = "<group>"; };
		640E7B5970B14D7FBD538A2E /* CDVWKWebViewUIDelegate.h */ = {isa = PBXFileReference; explicitFileType = undefined; fileEncoding = 4; includeInIndex = 0; lastKnownFileType = sourcecode.c.h; name = CDVWKWebViewUIDelegate.h; path = "cordova-plugin-wkwebview-engine/CDVWKWebViewUIDelegate.h"; sourceTree = "<group>"; };
		64146714D9A44CA88A8B4BCF /* CDVFile.m */ = {isa = PBXFileReference; explicitFileType = undefined; fileEncoding = 4; includeInIndex = 0; lastKnownFileType = sourcecode.c.objc; name = CDVFile.m; path = "cordova-plugin-file/CDVFile.m"; sourceTree = "<group>"; };
		64793DF3F0BB4F67BAA371B0 /* SystemConfiguration.framework */ = {isa = PBXFileReference; explicitFileType = undefined; fileEncoding = 9; includeInIndex = 0; lastKnownFileType = wrapper.framework; name = SystemConfiguration.framework; path = System/Library/Frameworks/SystemConfiguration.framework; sourceTree = SDKROOT; };
		6AFF5BF81D6E424B00AB3073 /* CDVLaunchScreen.storyboard */ = {isa = PBXFileReference; fileEncoding = 4; lastKnownFileType = file.storyboard; name = CDVLaunchScreen.storyboard; path = "Big Shaq/CDVLaunchScreen.storyboard"; sourceTree = SOURCE_ROOT; };
		6B4F9B5E47464DE4BA47A373 /* CDVSplashScreen.h */ = {isa = PBXFileReference; explicitFileType = undefined; fileEncoding = 4; includeInIndex = 0; lastKnownFileType = sourcecode.c.h; name = CDVSplashScreen.h; path = "cordova-plugin-splashscreen/CDVSplashScreen.h"; sourceTree = "<group>"; };
		6BAAC8DD900F4BCDBAABBA87 /* CoreLocation.framework */ = {isa = PBXFileReference; explicitFileType = undefined; fileEncoding = 9; includeInIndex = 0; lastKnownFileType = wrapper.framework; name = CoreLocation.framework; path = System/Library/Frameworks/CoreLocation.framework; sourceTree = SDKROOT; };
		6E23AE81F88B483F8851D1F7 /* CDVConnection.h */ = {isa = PBXFileReference; explicitFileType = undefined; fileEncoding = 4; includeInIndex = 0; lastKnownFileType = sourcecode.c.h; name = CDVConnection.h; path = "cordova-plugin-network-information/CDVConnection.h"; sourceTree = "<group>"; };
		6E88D8D8D81547C3BC11684B /* CDVWKProcessPoolFactory.h */ = {isa = PBXFileReference; explicitFileType = undefined; fileEncoding = 4; includeInIndex = 0; lastKnownFileType = sourcecode.c.h; name = CDVWKProcessPoolFactory.h; path = "cordova-plugin-wkwebview-engine/CDVWKProcessPoolFactory.h"; sourceTree = "<group>"; };
		7458025E9DC04A60BB1CC584 /* PluginAdapterDelegate.h */ = {isa = PBXFileReference; explicitFileType = undefined; fileEncoding = 4; includeInIndex = 0; lastKnownFileType = sourcecode.c.h; name = PluginAdapterDelegate.h; path = "cordova-plugin-extension/PluginAdapterDelegate.h"; sourceTree = "<group>"; };
		7ABDBD4922FA43108B88EB2E /* CDVStatusBar.h */ = {isa = PBXFileReference; explicitFileType = undefined; fileEncoding = 4; includeInIndex = 0; lastKnownFileType = sourcecode.c.h; name = CDVStatusBar.h; path = "cordova-plugin-statusbar/CDVStatusBar.h"; sourceTree = "<group>"; };
		7D7F96C74487471BAE57E409 /* CoreMedia.framework */ = {isa = PBXFileReference; explicitFileType = undefined; fileEncoding = 9; includeInIndex = 0; lastKnownFileType = wrapper.framework; name = CoreMedia.framework; path = System/Library/Frameworks/CoreMedia.framework; sourceTree = SDKROOT; };
		8C8FA6A0C38F45A698754701 /* CDVStatusBar.m */ = {isa = PBXFileReference; explicitFileType = undefined; fileEncoding = 4; includeInIndex = 0; lastKnownFileType = sourcecode.c.objc; name = CDVStatusBar.m; path = "cordova-plugin-statusbar/CDVStatusBar.m"; sourceTree = "<group>"; };
		8D1107310486CEB800E47090 /* Big Shaq-Info.plist */ = {isa = PBXFileReference; fileEncoding = 4; lastKnownFileType = text.plist.xml; name = "Big Shaq-Info.plist"; path = "Big Shaq/Big Shaq-Info.plist"; plistStructureDefinitionIdentifier = "com.apple.xcode.plist.structure-definition.iphone.info-plist"; sourceTree = SOURCE_ROOT; };
		9144EEDE772C4C8CAAAFA957 /* CDVWKWebViewEngine.h */ = {isa = PBXFileReference; explicitFileType = undefined; fileEncoding = 4; includeInIndex = 0; lastKnownFileType = sourcecode.c.h; name = CDVWKWebViewEngine.h; path = "cordova-plugin-wkwebview-engine/CDVWKWebViewEngine.h"; sourceTree = "<group>"; };
		92314A667E6147289191CAA5 /* GLKit.framework */ = {isa = PBXFileReference; explicitFileType = undefined; fileEncoding = 9; includeInIndex = 0; lastKnownFileType = wrapper.framework; name = GLKit.framework; path = System/Library/Frameworks/GLKit.framework; sourceTree = SDKROOT; };
		9371F4706A3C475CA9EDFEBB /* CDVLocalFilesystem.m */ = {isa = PBXFileReference; explicitFileType = undefined; fileEncoding = 4; includeInIndex = 0; lastKnownFileType = sourcecode.c.objc; name = CDVLocalFilesystem.m; path = "cordova-plugin-file/CDVLocalFilesystem.m"; sourceTree = "<group>"; };
		9942630D316D4CE6AE30039C /* CDVCompass.h */ = {isa = PBXFileReference; explicitFileType = undefined; fileEncoding = 4; includeInIndex = 0; lastKnownFileType = sourcecode.c.h; name = CDVCompass.h; path = "cordova-plugin-device-orientation/CDVCompass.h"; sourceTree = "<group>"; };
		9A6B2799CB904CBB8A7ED828 /* CDVWKProcessPoolFactory.m */ = {isa = PBXFileReference; explicitFileType = undefined; fileEncoding = 4; includeInIndex = 0; lastKnownFileType = sourcecode.c.objc; name = CDVWKProcessPoolFactory.m; path = "cordova-plugin-wkwebview-engine/CDVWKProcessPoolFactory.m"; sourceTree = "<group>"; };
		A48237EDE2EC488C9AFEE4D1 /* CDVSplashScreen.m */ = {isa = PBXFileReference; explicitFileType = undefined; fileEncoding = 4; includeInIndex = 0; lastKnownFileType = sourcecode.c.objc; name = CDVSplashScreen.m; path = "cordova-plugin-splashscreen/CDVSplashScreen.m"; sourceTree = "<group>"; };
		A94BEB5C2E69423D85E2B4B2 /* CDVAdMobPlugin.h */ = {isa = PBXFileReference; explicitFileType = undefined; fileEncoding = 4; includeInIndex = 0; lastKnownFileType = sourcecode.c.h; name = CDVAdMobPlugin.h; path = "cordova-plugin-admobpro/CDVAdMobPlugin.h"; sourceTree = "<group>"; };
		AAEFA0811EBA41B78BECF912 /* CDVFile.h */ = {isa = PBXFileReference; explicitFileType = undefined; fileEncoding = 4; includeInIndex = 0; lastKnownFileType = sourcecode.c.h; name = CDVFile.h; path = "cordova-plugin-file/CDVFile.h"; sourceTree = "<group>"; };
		B3BD8DFFBAA84D90B3861990 /* GenericAdPlugin.h */ = {isa = PBXFileReference; explicitFileType = undefined; fileEncoding = 4; includeInIndex = 0; lastKnownFileType = sourcecode.c.h; name = GenericAdPlugin.h; path = "cordova-plugin-extension/GenericAdPlugin.h"; sourceTree = "<group>"; };
		C13DC5A16CE54C5F822F1E5D /* CDVLocalFilesystem.h */ = {isa = PBXFileReference; explicitFileType = undefined; fileEncoding = 4; includeInIndex = 0; lastKnownFileType = sourcecode.c.h; name = CDVLocalFilesystem.h; path = "cordova-plugin-file/CDVLocalFilesystem.h"; sourceTree = "<group>"; };
		C2FC3DAE75A94D66B25AB66F /* CDVPluginExt.m */ = {isa = PBXFileReference; explicitFileType = undefined; fileEncoding = 4; includeInIndex = 0; lastKnownFileType = sourcecode.c.objc; name = CDVPluginExt.m; path = "cordova-plugin-extension/CDVPluginExt.m"; sourceTree = "<group>"; };
		C55752E269044BB7A09BA5CF /* CDVReachability.h */ = {isa = PBXFileReference; explicitFileType = undefined; fileEncoding = 4; includeInIndex = 0; lastKnownFileType = sourcecode.c.h; name = CDVReachability.h; path = "cordova-plugin-network-information/CDVReachability.h"; sourceTree = "<group>"; };
		C6ACF248FE754F378BC85808 /* CDVAdMobPlugin.m */ = {isa = PBXFileReference; explicitFileType = undefined; fileEncoding = 4; includeInIndex = 0; lastKnownFileType = sourcecode.c.objc; name = CDVAdMobPlugin.m; path = "cordova-plugin-admobpro/CDVAdMobPlugin.m"; sourceTree = "<group>"; };
		C78696548EFB4D18BD30EF35 /* GoogleMobileAds.framework */ = {isa = PBXFileReference; explicitFileType = undefined; fileEncoding = 9; includeInIndex = 0; lastKnownFileType = wrapper.framework; name = GoogleMobileAds.framework; path = "Big Shaq/Plugins/cordova-plugin-admobpro/GoogleMobileAds.framework"; sourceTree = "<group>"; };
		C7D64C1613BA4B9681DCF4DB /* CoreVideo.framework */ = {isa = PBXFileReference; explicitFileType = undefined; fileEncoding = 9; includeInIndex = 0; lastKnownFileType = wrapper.framework; name = CoreVideo.framework; path = System/Library/Frameworks/CoreVideo.framework; sourceTree = SDKROOT; };
		D64253E988E0411DAC17E501 /* EventKit.framework */ = {isa = PBXFileReference; explicitFileType = undefined; fileEncoding = 9; includeInIndex = 0; lastKnownFileType = wrapper.framework; name = EventKit.framework; path = System/Library/Frameworks/EventKit.framework; sourceTree = SDKROOT; };
		D7C01B30E0D242639809617A /* CoreMotion.framework */ = {isa = PBXFileReference; explicitFileType = undefined; fileEncoding = 9; includeInIndex = 0; lastKnownFileType = wrapper.framework; name = CoreMotion.framework; path = System/Library/Frameworks/CoreMotion.framework; sourceTree = SDKROOT; };
		DD89914F309448F1A70C1E87 /* MediaPlayer.framework */ = {isa = PBXFileReference; explicitFileType = undefined; fileEncoding = 9; includeInIndex = 0; lastKnownFileType = wrapper.framework; name = MediaPlayer.framework; path = System/Library/Frameworks/MediaPlayer.framework; sourceTree = SDKROOT; };
		E287C0B5C4034FA09DA3FD63 /* UIKit.framework */ = {isa = PBXFileReference; explicitFileType = undefined; fileEncoding = 9; includeInIndex = 0; lastKnownFileType = wrapper.framework; name = UIKit.framework; path = System/Library/Frameworks/UIKit.framework; sourceTree = SDKROOT; };
		E3699D655BDB4C4D9E73485C /* AdMobMediation.m */ = {isa = PBXFileReference; explicitFileType = undefined; fileEncoding = 4; includeInIndex = 0; lastKnownFileType = sourcecode.c.objc; name = AdMobMediation.m; path = "cordova-plugin-admobpro/AdMobMediation.m"; sourceTree = "<group>"; };
		E52485A6E64443DCB7E56844 /* AdSupport.framework */ = {isa = PBXFileReference; explicitFileType = undefined; fileEncoding = 9; includeInIndex = 0; lastKnownFileType = wrapper.framework; name = AdSupport.framework; path = System/Library/Frameworks/AdSupport.framework; sourceTree = SDKROOT; };
		E9587B61130C44C0B0BFF214 /* FirebaseAnalyticsPlugin.m */ = {isa = PBXFileReference; explicitFileType = undefined; fileEncoding = 4; includeInIndex = 0; lastKnownFileType = sourcecode.c.objc; name = FirebaseAnalyticsPlugin.m; path = "cordova-plugin-firebase-analytics/FirebaseAnalyticsPlugin.m"; sourceTree = "<group>"; };
		EA236FB90BF84E3894E5F682 /* AVFoundation.framework */ = {isa = PBXFileReference; explicitFileType = undefined; fileEncoding = 9; includeInIndex = 0; lastKnownFileType = wrapper.framework; name = AVFoundation.framework; path = System/Library/Frameworks/AVFoundation.framework; sourceTree = SDKROOT; };
		EAAEA6650F714B31A124986F /* CDVSound.m */ = {isa = PBXFileReference; explicitFileType = undefined; fileEncoding = 4; includeInIndex = 0; lastKnownFileType = sourcecode.c.objc; name = CDVSound.m; path = "cordova-plugin-media/CDVSound.m"; sourceTree = "<group>"; };
		EB07CA8DDE534FA0BB4C41BB /* CDVNotification.bundle */ = {isa = PBXFileReference; explicitFileType = undefined; fileEncoding = 9; includeInIndex = 0; lastKnownFileType = "wrapper.plug-in"; path = CDVNotification.bundle; sourceTree = "<group>"; };
		EB87FDF31871DA8E0020F90C /* www */ = {isa = PBXFileReference; lastKnownFileType = folder; name = www; path = ../../www; sourceTree = "<group>"; };
		EB87FDF41871DAF40020F90C /* config.xml */ = {isa = PBXFileReference; lastKnownFileType = text.xml; name = config.xml; path = ../../config.xml; sourceTree = "<group>"; };
		ED33DF2A687741AEAF9F8254 /* Bridging-Header.h */ = {isa = PBXFileReference; fileEncoding = 4; lastKnownFileType = sourcecode.c.h; path = "Bridging-Header.h"; sourceTree = "<group>"; };
		F05DEDBE3348499093C11300 /* AudioToolbox.framework */ = {isa = PBXFileReference; explicitFileType = undefined; fileEncoding = 9; includeInIndex = 0; lastKnownFileType = wrapper.framework; name = AudioToolbox.framework; path = System/Library/Frameworks/AudioToolbox.framework; sourceTree = SDKROOT; };
		F0BB77C79FC6446FBCDC5679 /* CDVWKWebViewEngine.m */ = {isa = PBXFileReference; explicitFileType = undefined; fileEncoding = 4; includeInIndex = 0; lastKnownFileType = sourcecode.c.objc; name = CDVWKWebViewEngine.m; path = "cordova-plugin-wkwebview-engine/CDVWKWebViewEngine.m"; sourceTree = "<group>"; };
		F1EF1FF29E6A4037BA43EE9D /* CDVWKWebViewUIDelegate.m */ = {isa = PBXFileReference; explicitFileType = undefined; fileEncoding = 4; includeInIndex = 0; lastKnownFileType = sourcecode.c.objc; name = CDVWKWebViewUIDelegate.m; path = "cordova-plugin-wkwebview-engine/CDVWKWebViewUIDelegate.m"; sourceTree = "<group>"; };
		F840E1F0165FE0F500CFE078 /* config.xml */ = {isa = PBXFileReference; lastKnownFileType = text.xml; name = config.xml; path = "Big Shaq/config.xml"; sourceTree = "<group>"; };
		FD3C9D9C06684200B7128EAD /* FirebaseAnalyticsPlugin.h */ = {isa = PBXFileReference; explicitFileType = undefined; fileEncoding = 4; includeInIndex = 0; lastKnownFileType = sourcecode.c.h; name = FirebaseAnalyticsPlugin.h; path = "cordova-plugin-firebase-analytics/FirebaseAnalyticsPlugin.h"; sourceTree = "<group>"; };
		AC949814065B4D57B749BAB5 /* AppVersion.m */ = {isa = PBXFileReference; name = "AppVersion.m"; path = "cordova-plugin-app-version/AppVersion.m"; sourceTree = "<group>"; fileEncoding = 4; lastKnownFileType = sourcecode.c.objc; explicitFileType = undefined; includeInIndex = 0; };
		D6BD87018A06430ABA10C021 /* AppVersion.h */ = {isa = PBXFileReference; name = "AppVersion.h"; path = "cordova-plugin-app-version/AppVersion.h"; sourceTree = "<group>"; fileEncoding = 4; lastKnownFileType = sourcecode.c.h; explicitFileType = undefined; includeInIndex = 0; };
		873D6497348D41ABABFBBED4 /* NSString+SSURLEncoding.m */ = {isa = PBXFileReference; name = "NSString+SSURLEncoding.m"; path = "cordova-plugin-x-socialsharing/NSString+SSURLEncoding.m"; sourceTree = "<group>"; fileEncoding = 4; lastKnownFileType = sourcecode.c.objc; explicitFileType = undefined; includeInIndex = 0; };
		E45BAB44A7A64425B11E9AE1 /* SocialSharing.m */ = {isa = PBXFileReference; name = "SocialSharing.m"; path = "cordova-plugin-x-socialsharing/SocialSharing.m"; sourceTree = "<group>"; fileEncoding = 4; lastKnownFileType = sourcecode.c.objc; explicitFileType = undefined; includeInIndex = 0; };
		081C10F3C048473687F0AB8A /* NSString+SSURLEncoding.h */ = {isa = PBXFileReference; name = "NSString+SSURLEncoding.h"; path = "cordova-plugin-x-socialsharing/NSString+SSURLEncoding.h"; sourceTree = "<group>"; fileEncoding = 4; lastKnownFileType = sourcecode.c.h; explicitFileType = undefined; includeInIndex = 0; };
		90984EBCA52A4C61A1F68383 /* SocialSharing.h */ = {isa = PBXFileReference; name = "SocialSharing.h"; path = "cordova-plugin-x-socialsharing/SocialSharing.h"; sourceTree = "<group>"; fileEncoding = 4; lastKnownFileType = sourcecode.c.h; explicitFileType = undefined; includeInIndex = 0; };
		39B7405063934C67B86AAC06 /* Social.framework */ = {isa = PBXFileReference; name = "Social.framework"; path = "System/Library/Frameworks/Social.framework"; sourceTree = SDKROOT; fileEncoding = undefined; lastKnownFileType = wrapper.framework; explicitFileType = undefined; includeInIndex = 0; };
		1C318FBE0A424BEE90E5A8B9 /* NativeSettings.m */ = {isa = PBXFileReference; name = "NativeSettings.m"; path = "cordova-open-native-settings/NativeSettings.m"; sourceTree = "<group>"; fileEncoding = 4; lastKnownFileType = sourcecode.c.objc; explicitFileType = undefined; includeInIndex = 0; };
		01F87BB1BEF94A95916A8061 /* NativeSettings.h */ = {isa = PBXFileReference; name = "NativeSettings.h"; path = "cordova-open-native-settings/NativeSettings.h"; sourceTree = "<group>"; fileEncoding = 4; lastKnownFileType = sourcecode.c.h; explicitFileType = undefined; includeInIndex = 0; };
		EEF6E0D71B374FDA95541668 /* RMStore.m */ = {isa = PBXFileReference; name = "RMStore.m"; path = "cordova-plugin-inapppurchase/RMStore.m"; sourceTree = "<group>"; fileEncoding = 4; lastKnownFileType = sourcecode.c.objc; explicitFileType = undefined; includeInIndex = 0; };
		D64892D0AF2E4573A1EB8AA5 /* PaymentsPlugin.m */ = {isa = PBXFileReference; name = "PaymentsPlugin.m"; path = "cordova-plugin-inapppurchase/PaymentsPlugin.m"; sourceTree = "<group>"; fileEncoding = 4; lastKnownFileType = sourcecode.c.objc; explicitFileType = undefined; includeInIndex = 0; };
		23F636392B8549D5BDF36575 /* RMStore.h */ = {isa = PBXFileReference; name = "RMStore.h"; path = "cordova-plugin-inapppurchase/RMStore.h"; sourceTree = "<group>"; fileEncoding = 4; lastKnownFileType = sourcecode.c.h; explicitFileType = undefined; includeInIndex = 0; };
		A7793F48F15B4994994D84AB /* PaymentsPlugin.h */ = {isa = PBXFileReference; name = "PaymentsPlugin.h"; path = "cordova-plugin-inapppurchase/PaymentsPlugin.h"; sourceTree = "<group>"; fileEncoding = 4; lastKnownFileType = sourcecode.c.h; explicitFileType = undefined; includeInIndex = 0; };
		E5A9B859EFCD46FFAB8BCDA6 /* GoogleService-Info.plist */ = {isa = PBXFileReference; name = "GoogleService-Info.plist"; path = "GoogleService-Info.plist"; sourceTree = "<group>"; fileEncoding = 4; lastKnownFileType = text.plist.xml; explicitFileType = undefined; includeInIndex = 0; };
/* End PBXFileReference section */

/* Begin PBXFrameworksBuildPhase section */
		1D60588F0D05DD3D006BFB54 /* Frameworks */ = {
			isa = PBXFrameworksBuildPhase;
			buildActionMask = 2147483647;
			files = (
				344D8F6D38344085ABF6FD3D /* AdSupport.framework in Frameworks */,
				301BF552109A68D80062928A /* libCordova.a in Frameworks */,
				AAE6553885A84EDE9CA1180A /* libCordovaGenericAd.a in Frameworks */,
				3E305A09681E4F09A476D696 /* GoogleMobileAds.framework in Frameworks */,
				B1976FF8679B4699A372C082 /* AudioToolbox.framework in Frameworks */,
				416381CC995A4FEC8410EBD9 /* AVFoundation.framework in Frameworks */,
				1811D7D0753C477FB230F7C9 /* CoreBluetooth.framework in Frameworks */,
				A87370227E9D4B94BAF92876 /* CoreLocation.framework in Frameworks */,
				F191414004184D9DABCB9CBF /* CoreMedia.framework in Frameworks */,
				F7BF5BDE72CF4639B4018307 /* CoreMotion.framework in Frameworks */,
				EDDA0AC46A1D4F24966648D1 /* CoreTelephony.framework in Frameworks */,
				3D45ED722CB54A48B1E4D895 /* CoreVideo.framework in Frameworks */,
				C82D2D4F79AE4792ACF4B787 /* EventKit.framework in Frameworks */,
				D35032ED653F4A1AB0A141B2 /* EventKitUI.framework in Frameworks */,
				F18FDDAEB6304029AD484C85 /* Foundation.framework in Frameworks */,
				6A77AC52010E4A46802B75A8 /* GLKit.framework in Frameworks */,
				6B7AB57F88824D59B04F8F65 /* MediaPlayer.framework in Frameworks */,
				00FD6F7AC191459499723E5A /* MessageUI.framework in Frameworks */,
				FDEEF88177384318B77C9BCB /* OpenGLES.framework in Frameworks */,
				EB783DEC444C42E3B8AFEC3F /* SafariServices.framework in Frameworks */,
				F2465649C0A440728DFECDEB /* StoreKit.framework in Frameworks */,
				5B761B7DD72C4E238156CA85 /* SystemConfiguration.framework in Frameworks */,
				4C5A9BCE9E24463AA5BA0D8B /* UIKit.framework in Frameworks */,
				01C7C1ED812C4E6CB3AC47BA /* libz.tbd in Frameworks */,
				D10F581956B54BD983401808 /* WebKit.framework in Frameworks */,
				C9141CFED7A44FBC89733ED5 /* Social.framework in Frameworks */,
			);
			runOnlyForDeploymentPostprocessing = 0;
		};
/* End PBXFrameworksBuildPhase section */

/* Begin PBXGroup section */
		080E96DDFE201D6D7F000001 /* Classes */ = {
			isa = PBXGroup;
			children = (
				302D95EE14D2391D003F00A1 /* MainViewController.h */,
				302D95EF14D2391D003F00A1 /* MainViewController.m */,
				302D95F014D2391D003F00A1 /* MainViewController.xib */,
				1D3623240D0F684500981E51 /* AppDelegate.h */,
				1D3623250D0F684500981E51 /* AppDelegate.m */,
			);
			name = Classes;
			path = "Big Shaq/Classes";
			sourceTree = SOURCE_ROOT;
		};
		19C28FACFE9D520D11CA2CBB /* Products */ = {
			isa = PBXGroup;
			children = (
				1D6058910D05DD3D006BFB54 /* Big Shaq.app */,
			);
			name = Products;
			sourceTree = "<group>";
		};
		29B97314FDCFA39411CA2CEA /* CustomTemplate */ = {
			isa = PBXGroup;
			children = (
				EB87FDF41871DAF40020F90C /* config.xml */,
				EB87FDF31871DA8E0020F90C /* www */,
				EB87FDF11871DA420020F90C /* Staging */,
				301BF52D109A57CC0062928A /* CordovaLib/CordovaLib.xcodeproj */,
				080E96DDFE201D6D7F000001 /* Classes */,
				307C750510C5A3420062BCA9 /* Plugins */,
				29B97315FDCFA39411CA2CEA /* Other Sources */,
				29B97317FDCFA39411CA2CEA /* Resources */,
				29B97323FDCFA39411CA2CEA /* Frameworks */,
				19C28FACFE9D520D11CA2CBB /* Products */,
			);
			name = CustomTemplate;
			sourceTree = "<group>";
		};
		29B97315FDCFA39411CA2CEA /* Other Sources */ = {
			isa = PBXGroup;
			children = (
				32CA4F630368D1EE00C91783 /* Big Shaq-Prefix.pch */,
				29B97316FDCFA39411CA2CEA /* main.m */,
				ED33DF2A687741AEAF9F8254 /* Bridging-Header.h */,
			);
			name = "Other Sources";
			path = "Big Shaq";
			sourceTree = "<group>";
		};
		29B97317FDCFA39411CA2CEA /* Resources */ = {
			isa = PBXGroup;
			children = (
				0207DA571B56EA530066E2B4 /* Images.xcassets */,
				3047A50E1AB8057F00498E2A /* config */,
				8D1107310486CEB800E47090 /* Big Shaq-Info.plist */,
				6AFF5BF81D6E424B00AB3073 /* CDVLaunchScreen.storyboard */,
				EB07CA8DDE534FA0BB4C41BB /* CDVNotification.bundle */,
				E5A9B859EFCD46FFAB8BCDA6 /* GoogleService-Info.plist */,
			);
			name = Resources;
			path = "Big Shaq/Resources";
			sourceTree = "<group>";
		};
		29B97323FDCFA39411CA2CEA /* Frameworks */ = {
			isa = PBXGroup;
			children = (
				1BB3AAFB30174F669BD71E28 /* libCordovaGenericAd.a */,
				C78696548EFB4D18BD30EF35 /* GoogleMobileAds.framework */,
				E52485A6E64443DCB7E56844 /* AdSupport.framework */,
				F05DEDBE3348499093C11300 /* AudioToolbox.framework */,
				EA236FB90BF84E3894E5F682 /* AVFoundation.framework */,
				4448AAA93A3B4552961852C0 /* CoreBluetooth.framework */,
				6BAAC8DD900F4BCDBAABBA87 /* CoreLocation.framework */,
				7D7F96C74487471BAE57E409 /* CoreMedia.framework */,
				D7C01B30E0D242639809617A /* CoreMotion.framework */,
				1755D7416447458B96764572 /* CoreTelephony.framework */,
				C7D64C1613BA4B9681DCF4DB /* CoreVideo.framework */,
				D64253E988E0411DAC17E501 /* EventKit.framework */,
				4F390502F6B14521A6B7CA32 /* EventKitUI.framework */,
				0BCC5FCAC2034894935F8E4E /* Foundation.framework */,
				92314A667E6147289191CAA5 /* GLKit.framework */,
				DD89914F309448F1A70C1E87 /* MediaPlayer.framework */,
				2C0F27E1DD414AD0BBE68890 /* MessageUI.framework */,
				3455A9F7A9BE4BE793728F39 /* OpenGLES.framework */,
				341AEF14DFB542A6B9E44CCF /* SafariServices.framework */,
				5167271A55CB4E9FA1C1731D /* StoreKit.framework */,
				64793DF3F0BB4F67BAA371B0 /* SystemConfiguration.framework */,
				E287C0B5C4034FA09DA3FD63 /* UIKit.framework */,
				07826E6DBE2945A8AD4BCDBB /* libz.tbd */,
				13C37AAFCEF04FB7BE68593A /* WebKit.framework */,
				39B7405063934C67B86AAC06 /* Social.framework */,
			);
			name = Frameworks;
			sourceTree = "<group>";
		};
		301BF52E109A57CC0062928A /* Products */ = {
			isa = PBXGroup;
			children = (
				301BF535109A57CC0062928A /* libCordova.a */,
				3DA549E61FBA8EDE003A9741 /* Cordova.framework */,
			);
			name = Products;
			sourceTree = "<group>";
		};
		3047A50E1AB8057F00498E2A /* config */ = {
			isa = PBXGroup;
			children = (
				3047A50F1AB8059700498E2A /* build-debug.xcconfig */,
				3047A5101AB8059700498E2A /* build-release.xcconfig */,
				3047A5111AB8059700498E2A /* build.xcconfig */,
			);
			name = config;
			sourceTree = "<group>";
		};
		307C750510C5A3420062BCA9 /* Plugins */ = {
			isa = PBXGroup;
			children = (
				C2FC3DAE75A94D66B25AB66F /* CDVPluginExt.m */,
				7458025E9DC04A60BB1CC584 /* PluginAdapterDelegate.h */,
				078E93EBC14D4DD2A9B61077 /* CDVPluginExt.h */,
				B3BD8DFFBAA84D90B3861990 /* GenericAdPlugin.h */,
				C6ACF248FE754F378BC85808 /* CDVAdMobPlugin.m */,
				E3699D655BDB4C4D9E73485C /* AdMobMediation.m */,
				A94BEB5C2E69423D85E2B4B2 /* CDVAdMobPlugin.h */,
				55C3F1691DAF4573A4BFCEED /* AdMobMediation.h */,
				0B1EA121B6C1463D91F355DB /* CDVDevice.m */,
				6271404BDF2B4006A259F462 /* CDVDevice.h */,
				6062A17B3E60482FB99AC5FF /* CDVCompass.m */,
				9942630D316D4CE6AE30039C /* CDVCompass.h */,
				432B6090FAF94437BCD16E41 /* CDVNotification.m */,
				0F3BB42F022342FD810AF5D6 /* CDVNotification.h */,
				64146714D9A44CA88A8B4BCF /* CDVFile.m */,
				9371F4706A3C475CA9EDFEBB /* CDVLocalFilesystem.m */,
				386EB68E33BB4816835A9AB2 /* CDVAssetLibraryFilesystem.m */,
				AAEFA0811EBA41B78BECF912 /* CDVFile.h */,
				C13DC5A16CE54C5F822F1E5D /* CDVLocalFilesystem.h */,
				146B10DBC5044D649C1DFC6B /* CDVAssetLibraryFilesystem.h */,
				33CFD7819A3746599537C03E /* CDVFileTransfer.m */,
				0F4B98F768B147D9AAE476B5 /* CDVFileTransfer.h */,
				E9587B61130C44C0B0BFF214 /* FirebaseAnalyticsPlugin.m */,
				FD3C9D9C06684200B7128EAD /* FirebaseAnalyticsPlugin.h */,
				1745CFEE9C6A4E539D7E3719 /* CDVInAppBrowser.m */,
				28E97D956E4845729CB3875B /* CDVInAppBrowser.h */,
				EAAEA6650F714B31A124986F /* CDVSound.m */,
				55B3E404AA27485895E5BFC8 /* CDVSound.h */,
				1961B111149142B1B5FC2FC2 /* CDVConnection.m */,
				4F14B5F13B074FAA9AF2F783 /* CDVReachability.m */,
				6E23AE81F88B483F8851D1F7 /* CDVConnection.h */,
				C55752E269044BB7A09BA5CF /* CDVReachability.h */,
				A48237EDE2EC488C9AFEE4D1 /* CDVSplashScreen.m */,
				4A2A0559D52E4E318510403D /* CDVViewController+SplashScreen.m */,
				6B4F9B5E47464DE4BA47A373 /* CDVSplashScreen.h */,
				02CD9A818D184F1E9C0EF370 /* CDVViewController+SplashScreen.h */,
				8C8FA6A0C38F45A698754701 /* CDVStatusBar.m */,
				7ABDBD4922FA43108B88EB2E /* CDVStatusBar.h */,
				F0BB77C79FC6446FBCDC5679 /* CDVWKWebViewEngine.m */,
				F1EF1FF29E6A4037BA43EE9D /* CDVWKWebViewUIDelegate.m */,
				9A6B2799CB904CBB8A7ED828 /* CDVWKProcessPoolFactory.m */,
				9144EEDE772C4C8CAAAFA957 /* CDVWKWebViewEngine.h */,
				640E7B5970B14D7FBD538A2E /* CDVWKWebViewUIDelegate.h */,
				6E88D8D8D81547C3BC11684B /* CDVWKProcessPoolFactory.h */,
				AC949814065B4D57B749BAB5 /* AppVersion.m */,
				D6BD87018A06430ABA10C021 /* AppVersion.h */,
				873D6497348D41ABABFBBED4 /* NSString+SSURLEncoding.m */,
				E45BAB44A7A64425B11E9AE1 /* SocialSharing.m */,
				081C10F3C048473687F0AB8A /* NSString+SSURLEncoding.h */,
				90984EBCA52A4C61A1F68383 /* SocialSharing.h */,
				1C318FBE0A424BEE90E5A8B9 /* NativeSettings.m */,
				01F87BB1BEF94A95916A8061 /* NativeSettings.h */,
				EEF6E0D71B374FDA95541668 /* RMStore.m */,
				D64892D0AF2E4573A1EB8AA5 /* PaymentsPlugin.m */,
				23F636392B8549D5BDF36575 /* RMStore.h */,
				A7793F48F15B4994994D84AB /* PaymentsPlugin.h */,
			);
			name = Plugins;
			path = "Big Shaq/Plugins";
			sourceTree = SOURCE_ROOT;
		};
		EB87FDF11871DA420020F90C /* Staging */ = {
			isa = PBXGroup;
			children = (
				F840E1F0165FE0F500CFE078 /* config.xml */,
				301BF56E109A69640062928A /* www */,
			);
			name = Staging;
			sourceTree = "<group>";
		};
/* End PBXGroup section */

/* Begin PBXNativeTarget section */
		1D6058900D05DD3D006BFB54 /* Big Shaq */ = {
			isa = PBXNativeTarget;
			buildConfigurationList = 1D6058960D05DD3E006BFB54 /* Build configuration list for PBXNativeTarget "Big Shaq" */;
			buildPhases = (
				304B58A110DAC018002A0835 /* Copy www directory */,
				1D60588D0D05DD3D006BFB54 /* Resources */,
				1D60588E0D05DD3D006BFB54 /* Sources */,
				1D60588F0D05DD3D006BFB54 /* Frameworks */,
			);
			buildRules = (
			);
			dependencies = (
				301BF551109A68C00062928A /* PBXTargetDependency */,
			);
			name = "Big Shaq";
			productName = "Big Shaq";
			productReference = 1D6058910D05DD3D006BFB54 /* Big Shaq.app */;
			productType = "com.apple.product-type.application";
		};
/* End PBXNativeTarget section */

/* Begin PBXProject section */
		29B97313FDCFA39411CA2CEA /* Project object */ = {
			isa = PBXProject;
			attributes = {
				LastUpgradeCheck = 510;
				TargetAttributes = {
					1D6058900D05DD3D006BFB54 = {
						DevelopmentTeam = YBYHDBC82A;
						ProvisioningStyle = Manual;
						SystemCapabilities = {
							com.apple.BackgroundModes = {
								enabled = 0;
							};
						};
					};
				};
			};
			buildConfigurationList = C01FCF4E08A954540054247B /* Build configuration list for PBXProject "Big Shaq" */;
			compatibilityVersion = "Xcode 3.2";
			developmentRegion = English;
			hasScannedForEncodings = 1;
			knownRegions = (
				en,
			);
			mainGroup = 29B97314FDCFA39411CA2CEA /* CustomTemplate */;
			projectDirPath = "";
			projectReferences = (
				{
					ProductGroup = 301BF52E109A57CC0062928A /* Products */;
					ProjectRef = 301BF52D109A57CC0062928A /* CordovaLib/CordovaLib.xcodeproj */;
				},
			);
			projectRoot = "";
			targets = (
				1D6058900D05DD3D006BFB54 /* Big Shaq */,
			);
		};
/* End PBXProject section */

/* Begin PBXReferenceProxy section */
		301BF535109A57CC0062928A /* libCordova.a */ = {
			isa = PBXReferenceProxy;
			fileType = archive.ar;
			path = libCordova.a;
			remoteRef = 301BF534109A57CC0062928A /* PBXContainerItemProxy */;
			sourceTree = BUILT_PRODUCTS_DIR;
		};
		3DA549E61FBA8EDE003A9741 /* Cordova.framework */ = {
			isa = PBXReferenceProxy;
			fileType = wrapper.framework;
			path = Cordova.framework;
			remoteRef = 3DA549E51FBA8EDE003A9741 /* PBXContainerItemProxy */;
			sourceTree = BUILT_PRODUCTS_DIR;
		};
/* End PBXReferenceProxy section */

/* Begin PBXResourcesBuildPhase section */
		1D60588D0D05DD3D006BFB54 /* Resources */ = {
			isa = PBXResourcesBuildPhase;
			buildActionMask = 2147483647;
			files = (
				302D95F214D2391D003F00A1 /* MainViewController.xib in Resources */,
				0207DA581B56EA530066E2B4 /* Images.xcassets in Resources */,
				6AFF5BF91D6E424B00AB3073 /* CDVLaunchScreen.storyboard in Resources */,
				D285620484404D9F9E27AC9B /* CDVNotification.bundle in Resources */,
				2B430032AD9043AF87C09211 /* GoogleService-Info.plist in Resources */,
			);
			runOnlyForDeploymentPostprocessing = 0;
		};
/* End PBXResourcesBuildPhase section */

/* Begin PBXShellScriptBuildPhase section */
		304B58A110DAC018002A0835 /* Copy www directory */ = {
			isa = PBXShellScriptBuildPhase;
			buildActionMask = 2147483647;
			files = (
			);
			inputPaths = (
			);
			name = "Copy www directory";
			outputPaths = (
			);
			runOnlyForDeploymentPostprocessing = 0;
			shellPath = /bin/sh;
			shellScript = "NODEJS_PATH=/usr/local/bin; NVM_NODE_PATH=~/.nvm/versions/node/`nvm version 2>/dev/null`/bin; N_NODE_PATH=`find /usr/local/n/versions/node/* -maxdepth 0 -type d 2>/dev/null | tail -1`/bin; XCODE_NODE_PATH=`xcode-select --print-path`/usr/share/xcs/Node/bin; PATH=$NODEJS_PATH:$NVM_NODE_PATH:$N_NODE_PATH:$XCODE_NODE_PATH:$PATH && node cordova/lib/copy-www-build-step.js";
			showEnvVarsInLog = 0;
		};
/* End PBXShellScriptBuildPhase section */

/* Begin PBXSourcesBuildPhase section */
		1D60588E0D05DD3D006BFB54 /* Sources */ = {
			isa = PBXSourcesBuildPhase;
			buildActionMask = 2147483647;
			files = (
				1D60589B0D05DD56006BFB54 /* main.m in Sources */,
				1D3623260D0F684500981E51 /* AppDelegate.m in Sources */,
				302D95F114D2391D003F00A1 /* MainViewController.m in Sources */,
				FF6CFD50459B4D7D92FB0A7F /* CDVPluginExt.m in Sources */,
				37C405D59EE047A2BC725901 /* CDVAdMobPlugin.m in Sources */,
				72EB0C2E098247A2A0BF6F16 /* AdMobMediation.m in Sources */,
				629137A252EA4DD6A7B5E6F1 /* CDVDevice.m in Sources */,
				B1ABA2B9B16442E29FF966CB /* CDVCompass.m in Sources */,
				98CC4DD92E8842E5A01578B3 /* CDVNotification.m in Sources */,
				3706E122145044ABBA668FA0 /* CDVFile.m in Sources */,
				957B94C9017A47CE9DDE30EA /* CDVLocalFilesystem.m in Sources */,
				4B5AF7625F0D4E71BDB5E438 /* CDVAssetLibraryFilesystem.m in Sources */,
				F21B40BD0E0E49E3B2D4BBF2 /* CDVFileTransfer.m in Sources */,
				A91D32A54B604A15919D8CE5 /* FirebaseAnalyticsPlugin.m in Sources */,
				1BAA31AD2D0143A18725920E /* CDVInAppBrowser.m in Sources */,
				1922E25C638F4276BEB461BF /* CDVSound.m in Sources */,
				8BB32480DD7447C396DAABB5 /* CDVConnection.m in Sources */,
				9130FB233D5D45B39B619EA2 /* CDVReachability.m in Sources */,
				6C7DE228022842B69E7B059D /* CDVSplashScreen.m in Sources */,
				D0A766EBE8014EBE9A490346 /* CDVViewController+SplashScreen.m in Sources */,
				6B05FDFCB2B0408E9E1C1734 /* CDVStatusBar.m in Sources */,
				06A2F4F5004D46C694F4F52D /* CDVWKWebViewEngine.m in Sources */,
				C3F8DCF8493B4FFAA4CFD58D /* CDVWKWebViewUIDelegate.m in Sources */,
				A6834DC401C9424A88EBC12B /* CDVWKProcessPoolFactory.m in Sources */,
				DB5F3621B2444A4ABBC6C824 /* AppVersion.m in Sources */,
				4A4D471BE7EB4B4E92EF861C /* NSString+SSURLEncoding.m in Sources */,
				3644FDC1A7484A389F5FA7EE /* SocialSharing.m in Sources */,
				01A40BAC58D64BBE9FADFE52 /* NativeSettings.m in Sources */,
				9AE70256D6ED4D6FB96ED1B8 /* RMStore.m in Sources */,
				A88891F052F84A11862CAEAF /* PaymentsPlugin.m in Sources */,
			);
			runOnlyForDeploymentPostprocessing = 0;
		};
/* End PBXSourcesBuildPhase section */

/* Begin PBXTargetDependency section */
		301BF551109A68C00062928A /* PBXTargetDependency */ = {
			isa = PBXTargetDependency;
			name = CordovaLib;
			targetProxy = 301BF550109A68C00062928A /* PBXContainerItemProxy */;
		};
/* End PBXTargetDependency section */

/* Begin XCBuildConfiguration section */
		1D6058940D05DD3E006BFB54 /* Debug */ = {
			isa = XCBuildConfiguration;
			baseConfigurationReference = 3047A50F1AB8059700498E2A /* build-debug.xcconfig */;
			buildSettings = {
				ALWAYS_SEARCH_USER_PATHS = NO;
				ASSETCATALOG_COMPILER_APPICON_NAME = "AppIcon-1";
				ASSETCATALOG_COMPILER_LAUNCHIMAGE_NAME = LaunchImage;
				CLANG_ENABLE_MODULES = YES;
				CLANG_ENABLE_OBJC_ARC = YES;
				"CODE_SIGN_IDENTITY[sdk=iphoneos*]" = "iPhone Developer";
				CODE_SIGN_STYLE = Manual;
				COPY_PHASE_STRIP = NO;
				DEVELOPMENT_TEAM = YBYHDBC82A;
				FRAMEWORK_SEARCH_PATHS = (
					"$(inherited)",
					"\"Big Shaq/Plugins/cordova-plugin-admobpro\"",
					"\"Big Shaq/Plugins/cordova-plugin-webserver\"",
				);
				GCC_DYNAMIC_NO_PIC = NO;
				GCC_OPTIMIZATION_LEVEL = 0;
				GCC_PRECOMPILE_PREFIX_HEADER = YES;
				GCC_PREFIX_HEADER = "Big Shaq/Big Shaq-Prefix.pch";
				GCC_THUMB_SUPPORT = NO;
				GCC_VERSION = "";
				INFOPLIST_FILE = "Big Shaq/Big Shaq-Info.plist";
				IPHONEOS_DEPLOYMENT_TARGET = 10.0;
				LD_RUNPATH_SEARCH_PATHS = "@executable_path/Frameworks";
				LIBRARY_SEARCH_PATHS = (
					"$(inherited)",
					"\"$(SRCROOT)/Big Shaq/Plugins/cordova-plugin-extension\"",
				);
				PRODUCT_NAME = "Big Shaq";
				PROVISIONING_PROFILE = "290b5812-3a4e-4f7b-8fa4-df46a6e648e9";
				PROVISIONING_PROFILE_SPECIFIER = "Big Shaq Soundboard Dev";
				TARGETED_DEVICE_FAMILY = "1,2";
			};
			name = Debug;
		};
		1D6058950D05DD3E006BFB54 /* Release */ = {
			isa = XCBuildConfiguration;
			baseConfigurationReference = 3047A5101AB8059700498E2A /* build-release.xcconfig */;
			buildSettings = {
				ALWAYS_SEARCH_USER_PATHS = NO;
				ASSETCATALOG_COMPILER_APPICON_NAME = "AppIcon-1";
				ASSETCATALOG_COMPILER_LAUNCHIMAGE_NAME = LaunchImage;
				CLANG_ENABLE_MODULES = YES;
				CLANG_ENABLE_OBJC_ARC = YES;
				"CODE_SIGN_IDENTITY[sdk=iphoneos*]" = "iPhone Distribution";
				CODE_SIGN_STYLE = Manual;
				COPY_PHASE_STRIP = YES;
				DEVELOPMENT_TEAM = YBYHDBC82A;
				FRAMEWORK_SEARCH_PATHS = (
					"$(inherited)",
					"\"Big Shaq/Plugins/cordova-plugin-admobpro\"",
					"\"Big Shaq/Plugins/cordova-plugin-webserver\"",
				);
				GCC_PRECOMPILE_PREFIX_HEADER = YES;
				GCC_PREFIX_HEADER = "Big Shaq/Big Shaq-Prefix.pch";
				GCC_THUMB_SUPPORT = NO;
				GCC_VERSION = "";
				INFOPLIST_FILE = "Big Shaq/Big Shaq-Info.plist";
				IPHONEOS_DEPLOYMENT_TARGET = 10.0;
				LD_RUNPATH_SEARCH_PATHS = "@executable_path/Frameworks";
				LIBRARY_SEARCH_PATHS = (
					"$(inherited)",
					"\"$(SRCROOT)/Big Shaq/Plugins/cordova-plugin-extension\"",
				);
				PRODUCT_NAME = "Big Shaq";
				PROVISIONING_PROFILE = "d4f749d0-389e-466b-a92e-ede019c5d309";
				PROVISIONING_PROFILE_SPECIFIER = "Big Shaq Soundboard Dist";
				TARGETED_DEVICE_FAMILY = "1,2";
			};
			name = Release;
		};
		C01FCF4F08A954540054247B /* Debug */ = {
			isa = XCBuildConfiguration;
			baseConfigurationReference = 3047A5111AB8059700498E2A /* build.xcconfig */;
			buildSettings = {
				CLANG_ENABLE_MODULES = YES;
				CLANG_ENABLE_OBJC_ARC = YES;
				CLANG_WARN_BOOL_CONVERSION = YES;
				CLANG_WARN_CONSTANT_CONVERSION = YES;
				CLANG_WARN_EMPTY_BODY = YES;
				CLANG_WARN_ENUM_CONVERSION = YES;
				CLANG_WARN_INT_CONVERSION = YES;
				CLANG_WARN__DUPLICATE_METHOD_MATCH = YES;
				GCC_C_LANGUAGE_STANDARD = c99;
				GCC_THUMB_SUPPORT = NO;
				GCC_VERSION = "";
				GCC_WARN_ABOUT_RETURN_TYPE = YES;
				GCC_WARN_UNDECLARED_SELECTOR = YES;
				GCC_WARN_UNINITIALIZED_AUTOS = YES;
				GCC_WARN_UNUSED_FUNCTION = YES;
				GCC_WARN_UNUSED_VARIABLE = YES;
				ONLY_ACTIVE_ARCH = YES;
				SDKROOT = iphoneos;
				SKIP_INSTALL = NO;
			};
			name = Debug;
		};
		C01FCF5008A954540054247B /* Release */ = {
			isa = XCBuildConfiguration;
			baseConfigurationReference = 3047A5111AB8059700498E2A /* build.xcconfig */;
			buildSettings = {
				CLANG_ENABLE_MODULES = YES;
				CLANG_ENABLE_OBJC_ARC = YES;
				CLANG_WARN_BOOL_CONVERSION = YES;
				CLANG_WARN_CONSTANT_CONVERSION = YES;
				CLANG_WARN_EMPTY_BODY = YES;
				CLANG_WARN_ENUM_CONVERSION = YES;
				CLANG_WARN_INT_CONVERSION = YES;
				CLANG_WARN__DUPLICATE_METHOD_MATCH = YES;
				GCC_C_LANGUAGE_STANDARD = c99;
				GCC_THUMB_SUPPORT = NO;
				GCC_VERSION = "";
				GCC_WARN_ABOUT_RETURN_TYPE = YES;
				GCC_WARN_UNDECLARED_SELECTOR = YES;
				GCC_WARN_UNINITIALIZED_AUTOS = YES;
				GCC_WARN_UNUSED_FUNCTION = YES;
				GCC_WARN_UNUSED_VARIABLE = YES;
				SDKROOT = iphoneos;
				SKIP_INSTALL = NO;
			};
			name = Release;
		};
/* End XCBuildConfiguration section */

/* Begin XCConfigurationList section */
		1D6058960D05DD3E006BFB54 /* Build configuration list for PBXNativeTarget "Big Shaq" */ = {
			isa = XCConfigurationList;
			buildConfigurations = (
				1D6058940D05DD3E006BFB54 /* Debug */,
				1D6058950D05DD3E006BFB54 /* Release */,
			);
			defaultConfigurationIsVisible = 0;
			defaultConfigurationName = Release;
		};
		C01FCF4E08A954540054247B /* Build configuration list for PBXProject "Big Shaq" */ = {
			isa = XCConfigurationList;
			buildConfigurations = (
				C01FCF4F08A954540054247B /* Debug */,
				C01FCF5008A954540054247B /* Release */,
			);
			defaultConfigurationIsVisible = 0;
			defaultConfigurationName = Release;
		};
/* End XCConfigurationList section */
	};
	rootObject = 29B97313FDCFA39411CA2CEA /* Project object */;
}
